
Microsoft Visual Studio Solution File, Format Version 12.00
# Visual Studio 15
VisualStudioVersion = 15.0.28010.2026
MinimumVisualStudioVersion = 10.0.40219.1
Project("{FAE04EC0-301F-11D3-BF4B-00C04F79EFBC}") = "InstagramParser", "InstagramParser\InstagramParser.csproj", "{132BB953-7826-410F-9129-9FEC8DFF72A4}"
EndProject
Global
	GlobalSection(SolutionConfigurationPlatforms) = preSolution
		Debug|Any CPU = Debug|Any CPU
		Release|Any CPU = Release|Any CPU
	EndGlobalSection
	GlobalSection(ProjectConfigurationPlatforms) = postSolution
		{132BB953-7826-410F-9129-9FEC8DFF72A4}.Debug|Any CPU.ActiveCfg = Debug|Any CPU
		{132BB953-7826-410F-9129-9FEC8DFF72A4}.Debug|Any CPU.Build.0 = Debug|Any CPU
		{132BB953-7826-410F-9129-9FEC8DFF72A4}.Release|Any CPU.ActiveCfg = Release|Any CPU
		{132BB953-7826-410F-9129-9FEC8DFF72A4}.Release|Any CPU.Build.0 = Release|Any CPU
	EndGlobalSection
	GlobalSection(SolutionProperties) = preSolution
		HideSolutionNode = FALSE
	EndGlobalSection
	GlobalSection(ExtensibilityGlobals) = postSolution
		SolutionGuid = {38445729-3A4C-466D-977E-6800E4D25096}
	EndGlobalSection
EndGlobal
